
Microsoft Visual Studio Solution File, Format Version 12.00
# Visual Studio Version 17
VisualStudioVersion = 17.9.34723.18
MinimumVisualStudioVersion = 10.0.40219.1
Project("{FAE04EC0-301F-11D3-BF4B-00C04F79EFBC}") = "ApiNetCore", "ApiNetCore\ApiNetCore.csproj", "{074B0BE7-0D0C-45A7-8811-80D5CB532A21}"
EndProject
Global
	GlobalSection(SolutionConfigurationPlatforms) = preSolution
		Debug|Any CPU = Debug|Any CPU
		Release|Any CPU = Release|Any CPU
	EndGlobalSection
	GlobalSection(ProjectConfigurationPlatforms) = postSolution
		{074B0BE7-0D0C-45A7-8811-80D5CB532A21}.Debug|Any CPU.ActiveCfg = Debug|Any CPU
		{074B0BE7-0D0C-45A7-8811-80D5CB532A21}.Debug|Any CPU.Build.0 = Debug|Any CPU
		{074B0BE7-0D0C-45A7-8811-80D5CB532A21}.Release|Any CPU.ActiveCfg = Release|Any CPU
		{074B0BE7-0D0C-45A7-8811-80D5CB532A21}.Release|Any CPU.Build.0 = Release|Any CPU
	EndGlobalSection
	GlobalSection(SolutionProperties) = preSolution
		HideSolutionNode = FALSE
	EndGlobalSection
	GlobalSection(ExtensibilityGlobals) = postSolution
		SolutionGuid = {10B3AE05-40E1-4DCC-9E81-ECAA824A2437}
	EndGlobalSection
EndGlobal
